{
  "lockfile_version": "1",
  "packages": {
    "github:NixOS/nixpkgs/nixpkgs-unstable": {
      "last_modified": "2026-04-01T01:09:41Z",
      "resolved": "github:NixOS/nixpkgs/62e3050a29278c985725a86704faa1e99236b51a?lastModified=1775005781"
    },
    "libffi.dev": {
      "resolved": "github:NixOS/nixpkgs/62e3050a29278c985725a86704faa1e99236b51a#libffi.dev",
      "source": "nixpkg",
      "systems": {
        "x86_64-linux": {
          "outputs": [
            {
              "name": "dev",
              "path": "/tmp/containerbase/cache/nix/store/5j5ps6kv2lx4vbkvvsbzybdhgj2368lm-libffi-3.5.2-dev",
              "default": true
            }
          ]
        }
      }
    },
    "libyaml.dev": {
      "resolved": "github:NixOS/nixpkgs/62e3050a29278c985725a86704faa1e99236b51a#libyaml.dev",
      "source": "nixpkg",
      "systems": {
        "x86_64-linux": {
          "outputs": [
            {
              "name": "dev",
              "path": "/tmp/containerbase/cache/nix/store/qkzwi3il7r2pqlnkc8kahvfy11mgxhdm-libyaml-0.2.5-dev",
              "default": true
            }
          ]
        }
      }
    },
    "nodejs@latest": {
      "last_modified": "2026-03-27T11:17:38Z",
      "plugin_version": "0.0.4",
      "resolved": "github:NixOS/nixpkgs/832efc09b4caf6b4569fbf9dc01bec3082a00611#nodejs_25",
      "source": "devbox-search",
      "version": "25.8.2",
      "systems": {
        "aarch64-darwin": {
          "outputs": [
            {
              "name": "out",
              "path": "/nix/store/qflz0c97921bn5i3jc49dy24hhwpk67d-nodejs-25.8.2",
              "default": true
            }
          ],
          "store_path": "/nix/store/qflz0c97921bn5i3jc49dy24hhwpk67d-nodejs-25.8.2"
        },
        "aarch64-linux": {
          "outputs": [
            {
              "name": "out",
              "path": "/nix/store/vdakqgvs2qjrdsrjz3wpwn39yvj0fmvv-nodejs-25.8.2",
              "default": true
            }
          ],
          "store_path": "/nix/store/vdakqgvs2qjrdsrjz3wpwn39yvj0fmvv-nodejs-25.8.2"
        },
        "x86_64-darwin": {
          "outputs": [
            {
              "name": "out",
              "path": "/nix/store/d94jkiwkdf3qm25pchchdx37sh4fy4g7-nodejs-25.8.2",
              "default": true
            }
          ],
          "store_path": "/nix/store/d94jkiwkdf3qm25pchchdx37sh4fy4g7-nodejs-25.8.2"
        },
        "x86_64-linux": {
          "outputs": [
            {
              "name": "out",
              "path": "/nix/store/qads515hyg9b6vs0l1cyxhggvc98ycdx-nodejs-25.8.2",
              "default": true
            }
          ],
          "store_path": "/nix/store/qads515hyg9b6vs0l1cyxhggvc98ycdx-nodejs-25.8.2"
        }
      }
    },
    "pkg-config@latest": {
      "last_modified": "2025-11-23T21:50:36Z",
      "resolved": "github:NixOS/nixpkgs/ee09932cedcef15aaf476f9343d1dea2cb77e261#pkg-config",
      "source": "devbox-search",
      "version": "0.29.2",
      "systems": {
        "aarch64-darwin": {
          "outputs": [
            {
              "name": "out",
              "path": "/nix/store/hygaaqwk9ylklp0ybwppqhw75nz8ya41-pkg-config-wrapper-0.29.2",
              "default": true
            },
            {
              "name": "man",
              "path": "/nix/store/9px0sji43x3r2w4zxl3j3idwsql7lwxx-pkg-config-wrapper-0.29.2-man",
              "default": true
            },
            {
              "name": "doc",
              "path": "/nix/store/hqk44ra6qxw7iixardl6c3hdgb9kq6ns-pkg-config-wrapper-0.29.2-doc"
            }
          ],
          "store_path": "/nix/store/hygaaqwk9ylklp0ybwppqhw75nz8ya41-pkg-config-wrapper-0.29.2"
        },
        "aarch64-linux": {
          "outputs": [
            {
              "name": "out",
              "path": "/nix/store/lbiigi8qbp7mzf1lpr7p982l1kyf01ql-pkg-config-wrapper-0.29.2",
              "default": true
            },
            {
              "name": "man",
              "path": "/nix/store/10060k24qggqyzlwdsfmni9y32zxcg0j-pkg-config-wrapper-0.29.2-man",
              "default": true
            },
            {
              "name": "doc",
              "path": "/nix/store/0y4v51ndpyvkj09hwlfqkz0c3h17zfmc-pkg-config-wrapper-0.29.2-doc"
            }
          ],
          "store_path": "/nix/store/lbiigi8qbp7mzf1lpr7p982l1kyf01ql-pkg-config-wrapper-0.29.2"
        },
        "x86_64-darwin": {
          "outputs": [
            {
              "name": "out",
              "path": "/nix/store/vknadizq0q5kffvx6y4379p9gdry9zq3-pkg-config-wrapper-0.29.2",
              "default": true
            },
            {
              "name": "man",
              "path": "/nix/store/1nyspra675q22gfhf7hn2nmfpi6rgim5-pkg-config-wrapper-0.29.2-man",
              "default": true
            },
            {
              "name": "doc",
              "path": "/nix/store/7lq1axxwrafwljs06n88bzyz9w523rkc-pkg-config-wrapper-0.29.2-doc"
            }
          ],
          "store_path": "/nix/store/vknadizq0q5kffvx6y4379p9gdry9zq3-pkg-config-wrapper-0.29.2"
        },
        "x86_64-linux": {
          "outputs": [
            {
              "name": "out",
              "path": "/nix/store/8vdiwpbh0g4avsd6x5v4s0di32vcl3dp-pkg-config-wrapper-0.29.2",
              "default": true
            },
            {
              "name": "man",
              "path": "/nix/store/j9xfpnrygg3v37svc5pfin9q5bm49r94-pkg-config-wrapper-0.29.2-man",
              "default": true
            },
            {
              "name": "doc",
              "path": "/nix/store/x3bypxdxaq20kykybhkf21x4jczsiy8y-pkg-config-wrapper-0.29.2-doc"
            }
          ],
          "store_path": "/nix/store/8vdiwpbh0g4avsd6x5v4s0di32vcl3dp-pkg-config-wrapper-0.29.2"
        }
      }
    },
    "ruby@4.0.6": {
      "last_modified": "2026-07-23T05:10:05Z",
      "plugin_version": "0.0.2",
      "resolved": "github:NixOS/nixpkgs/7525d999cd850b9a488817abc89c75dc733acf17#ruby_4_0",
      "source": "devbox-search",
      "version": "4.0.6",
      "systems": {
        "aarch64-darwin": {
          "outputs": [
            {
              "name": "out",
              "path": "/nix/store/3zz7zvybj97y112dkkjdl2b96nyplq9n-ruby-4.0.6",
              "default": true
            },
            {
              "name": "devdoc",
              "path": "/nix/store/0byz4gj56c00sf0dpbvjp8wc6zn29lv6-ruby-4.0.6-devdoc"
            }
          ],
          "store_path": "/nix/store/3zz7zvybj97y112dkkjdl2b96nyplq9n-ruby-4.0.6"
        },
        "aarch64-linux": {
          "outputs": [
            {
              "name": "out",
              "path": "/nix/store/6d7hk6nxy7xdx848mz6719y3lfp77d0x-ruby-4.0.6",
              "default": true
            },
            {
              "name": "devdoc",
              "path": "/nix/store/2xsrrqfzh8s8fi04064v04mfbjgg7p6a-ruby-4.0.6-devdoc"
            }
          ],
          "store_path": "/nix/store/6d7hk6nxy7xdx848mz6719y3lfp77d0x-ruby-4.0.6"
        },
        "x86_64-linux": {
          "outputs": [
            {
              "name": "out",
              "path": "/nix/store/890ca9ym8066nk063d28zy9wygvva2y8-ruby-4.0.6",
              "default": true
            },
            {
              "name": "devdoc",
              "path": "/nix/store/hn2hw0g9jv2a5rm4fcxji3azy5mhcidg-ruby-4.0.6-devdoc"
            }
          ],
          "store_path": "/nix/store/890ca9ym8066nk063d28zy9wygvva2y8-ruby-4.0.6"
        }
      }
    },
    "yarn@latest": {
      "last_modified": "2026-03-21T07:29:51Z",
      "resolved": "github:NixOS/nixpkgs/09061f748ee21f68a089cd5d91ec1859cd93d0be#yarn",
      "source": "devbox-search",
      "version": "1.22.22",
      "systems": {
        "aarch64-darwin": {
          "outputs": [
            {
              "name": "out",
              "path": "/nix/store/59yqhmvbl7bsyv5qc30nmrpaf4iqj79h-yarn-1.22.22",
              "default": true
            }
          ],
          "store_path": "/nix/store/59yqhmvbl7bsyv5qc30nmrpaf4iqj79h-yarn-1.22.22"
        },
        "aarch64-linux": {
          "outputs": [
            {
              "name": "out",
              "path": "/nix/store/ybspc2b9q9j9drfpa5d1bmw2qgrkx4qc-yarn-1.22.22",
              "default": true
            }
          ],
          "store_path": "/nix/store/ybspc2b9q9j9drfpa5d1bmw2qgrkx4qc-yarn-1.22.22"
        },
        "x86_64-darwin": {
          "outputs": [
            {
              "name": "out",
              "path": "/nix/store/8j2xmk7ijy7nijpy2yc3mcjf7hxpnpyl-yarn-1.22.22",
              "default": true
            }
          ],
          "store_path": "/nix/store/8j2xmk7ijy7nijpy2yc3mcjf7hxpnpyl-yarn-1.22.22"
        },
        "x86_64-linux": {
          "outputs": [
            {
              "name": "out",
              "path": "/nix/store/g1ksanljq7v16gj8yb7zs6wkv7ikycy3-yarn-1.22.22",
              "default": true
            }
          ],
          "store_path": "/nix/store/g1ksanljq7v16gj8yb7zs6wkv7ikycy3-yarn-1.22.22"
        }
      }
    }
  }
}
